
Microsoft Visual Studio Solution File, Format Version 12.00
# Visual Studio 15
VisualStudioVersion = 15.0.27130.2020
MinimumVisualStudioVersion = 10.0.40219.1
Project("{FAE04EC0-301F-11D3-BF4B-00C04F79EFBC}") = "Qoollo.Turbo", "Qoollo.Turbo\Qoollo.Turbo.csproj", "{E129D379-C86C-42CD-A163-70B9EA566A45}"
EndProject
Project("{FAE04EC0-301F-11D3-BF4B-00C04F79EFBC}") = "Qoollo.Turbo.PerformanceTests", "Qoollo.Turbo.PerformanceTests\Qoollo.Turbo.PerformanceTests.csproj", "{BFE92AD5-BB6E-4D7F-9AEA-236A9A3E05D0}"
EndProject
Project("{FAE04EC0-301F-11D3-BF4B-00C04F79EFBC}") = "Qoollo.Turbo.UnitTests", "Qoollo.Turbo.UnitTests\Qoollo.Turbo.UnitTests.csproj", "{F2779A6F-F692-4F8F-807F-EE2A2F11DDE5}"
EndProject
Global
	GlobalSection(SolutionConfigurationPlatforms) = preSolution
		Debug|Any CPU = Debug|Any CPU
		Release|Any CPU = Release|Any CPU
	EndGlobalSection
	GlobalSection(ProjectConfigurationPlatforms) = postSolution
		{E129D379-C86C-42CD-A163-70B9EA566A45}.Debug|Any CPU.ActiveCfg = Debug|Any CPU
		{E129D379-C86C-42CD-A163-70B9EA566A45}.Debug|Any CPU.Build.0 = Debug|Any CPU
		{E129D379-C86C-42CD-A163-70B9EA566A45}.Release|Any CPU.ActiveCfg = Release|Any CPU
		{E129D379-C86C-42CD-A163-70B9EA566A45}.Release|Any CPU.Build.0 = Release|Any CPU
		{BFE92AD5-BB6E-4D7F-9AEA-236A9A3E05D0}.Debug|Any CPU.ActiveCfg = Debug|Any CPU
		{BFE92AD5-BB6E-4D7F-9AEA-236A9A3E05D0}.Debug|Any CPU.Build.0 = Debug|Any CPU
		{BFE92AD5-BB6E-4D7F-9AEA-236A9A3E05D0}.Release|Any CPU.ActiveCfg = Release|Any CPU
		{BFE92AD5-BB6E-4D7F-9AEA-236A9A3E05D0}.Release|Any CPU.Build.0 = Release|Any CPU
		{F2779A6F-F692-4F8F-807F-EE2A2F11DDE5}.Debug|Any CPU.ActiveCfg = Debug|Any CPU
		{F2779A6F-F692-4F8F-807F-EE2A2F11DDE5}.Debug|Any CPU.Build.0 = Debug|Any CPU
		{F2779A6F-F692-4F8F-807F-EE2A2F11DDE5}.Release|Any CPU.ActiveCfg = Release|Any CPU
		{F2779A6F-F692-4F8F-807F-EE2A2F11DDE5}.Release|Any CPU.Build.0 = Release|Any CPU
	EndGlobalSection
	GlobalSection(SolutionProperties) = preSolution
		HideSolutionNode = FALSE
	EndGlobalSection
	GlobalSection(ExtensibilityGlobals) = postSolution
		SolutionGuid = {89E7792B-65D2-4777-B2AC-3AF7B875EC11}
	EndGlobalSection
EndGlobal
